
Microsoft Visual Studio Solution File, Format Version 12.00
# Visual Studio Version 17
VisualStudioVersion = 17.7.34031.279
MinimumVisualStudioVersion = 10.0.40219.1
Project("{8BC9CEB8-8B4A-11D0-8D11-00A0C91BC942}") = "p33 count vowels", "p33 count vowels\p33 count vowels.vcxproj", "{2867C41B-63A2-4F07-A926-F13CEF48C2BF}"
EndProject
Global
	GlobalSection(SolutionConfigurationPlatforms) = preSolution
		Debug|x64 = Debug|x64
		Debug|x86 = Debug|x86
		Release|x64 = Release|x64
		Release|x86 = Release|x86
	EndGlobalSection
	GlobalSection(ProjectConfigurationPlatforms) = postSolution
		{2867C41B-63A2-4F07-A926-F13CEF48C2BF}.Debug|x64.ActiveCfg = Debug|x64
		{2867C41B-63A2-4F07-A926-F13CEF48C2BF}.Debug|x64.Build.0 = Debug|x64
		{2867C41B-63A2-4F07-A926-F13CEF48C2BF}.Debug|x86.ActiveCfg = Debug|Win32
		{2867C41B-63A2-4F07-A926-F13CEF48C2BF}.Debug|x86.Build.0 = Debug|Win32
		{2867C41B-63A2-4F07-A926-F13CEF48C2BF}.Release|x64.ActiveCfg = Release|x64
		{2867C41B-63A2-4F07-A926-F13CEF48C2BF}.Release|x64.Build.0 = Release|x64
		{2867C41B-63A2-4F07-A926-F13CEF48C2BF}.Release|x86.ActiveCfg = Release|Win32
		{2867C41B-63A2-4F07-A926-F13CEF48C2BF}.Release|x86.Build.0 = Release|Win32
	EndGlobalSection
	GlobalSection(SolutionProperties) = preSolution
		HideSolutionNode = FALSE
	EndGlobalSection
	GlobalSection(ExtensibilityGlobals) = postSolution
		SolutionGuid = {FF9B7E83-CC8D-4530-A10B-68831653AC66}
	EndGlobalSection
EndGlobal
